
Microsoft Visual Studio Solution File, Format Version 12.00
# Visual Studio Version 16
VisualStudioVersion = 16.0.31129.286
MinimumVisualStudioVersion = 10.0.40219.1
Project("{FAE04EC0-301F-11D3-BF4B-00C04F79EFBC}") = "BackgroundService", "BackgroundService.csproj", "{4A441413-AA6B-4E1A-8D25-71877CC9F9C7}"
EndProject
Global
	GlobalSection(SolutionConfigurationPlatforms) = preSolution
		Debug|Any CPU = Debug|Any CPU
		Release|Any CPU = Release|Any CPU
	EndGlobalSection
	GlobalSection(ProjectConfigurationPlatforms) = postSolution
		{4A441413-AA6B-4E1A-8D25-71877CC9F9C7}.Debug|Any CPU.ActiveCfg = Debug|Any CPU
		{4A441413-AA6B-4E1A-8D25-71877CC9F9C7}.Debug|Any CPU.Build.0 = Debug|Any CPU
		{4A441413-AA6B-4E1A-8D25-71877CC9F9C7}.Release|Any CPU.ActiveCfg = Release|Any CPU
		{4A441413-AA6B-4E1A-8D25-71877CC9F9C7}.Release|Any CPU.Build.0 = Release|Any CPU
	EndGlobalSection
	GlobalSection(SolutionProperties) = preSolution
		HideSolutionNode = FALSE
	EndGlobalSection
	GlobalSection(ExtensibilityGlobals) = postSolution
		SolutionGuid = {DA5315CF-9BA6-4129-9E29-9D655B8E8EB2}
	EndGlobalSection
EndGlobal
